// !$*UTF8*$!
{
	archiveVersion = 1;
	classes = {
	};
	objectVersion = 77;
	objects = {

/* Begin PBXContainerItemProxy section */
		4E477D82BAD70BF2E11E5B71 /* PBXContainerItemProxy */ = {
			isa = PBXContainerItemProxy;
			containerPortal = EE49207FC83C958A7CF4F70B /* Project object */;
			proxyType = 1;
			remoteGlobalIDString = 2A10C7B86D0C136D52F1AA68;
			remoteInfo = Karar;
		};
		B9BD267B0B464244361BD87D /* PBXContainerItemProxy */ = {
			isa = PBXContainerItemProxy;
			containerPortal = EE49207FC83C958A7CF4F70B /* Project object */;
			proxyType = 1;
			remoteGlobalIDString = 2A10C7B86D0C136D52F1AA68;
			remoteInfo = Karar;
		};
/* End PBXContainerItemProxy section */

/* Begin PBXFileReference section */
		20A7766B1C7C227E544A9670 /* KararTests.xctest */ = {isa = PBXFileReference; explicitFileType = wrapper.cfbundle; includeInIndex = 0; path = KararTests.xctest; sourceTree = BUILT_PRODUCTS_DIR; };
		289A18E406E67A7AD9596811 /* Karar.app */ = {isa = PBXFileReference; explicitFileType = wrapper.application; includeInIndex = 0; path = Karar.app; sourceTree = BUILT_PRODUCTS_DIR; };
		AF44669D66A13AFC585D2274 /* KararUITests.xctest */ = {isa = PBXFileReference; explicitFileType = wrapper.cfbundle; includeInIndex = 0; path = KararUITests.xctest; sourceTree = BUILT_PRODUCTS_DIR; };
/* End PBXFileReference section */

/* Begin PBXFileSystemSynchronizedRootGroup section */
		230F9B40849CC8B8A9EEFDF4 /* KararUITests */ = {
			isa = PBXFileSystemSynchronizedRootGroup;
			explicitFileTypes = {
			};
			explicitFolders = (
			);
			path = KararUITests;
			sourceTree = "<group>";
		};
		9BDC767853E7FBD618833690 /* KararTests */ = {
			isa = PBXFileSystemSynchronizedRootGroup;
			explicitFileTypes = {
			};
			explicitFolders = (
			);
			path = KararTests;
			sourceTree = "<group>";
		};
		E93B1034C04E6CD46D6070F5 /* Karar */ = {
			isa = PBXFileSystemSynchronizedRootGroup;
			explicitFileTypes = {
			};
			explicitFolders = (
			);
			path = Karar;
			sourceTree = "<group>";
		};
/* End PBXFileSystemSynchronizedRootGroup section */

/* Begin PBXGroup section */
		AF76A09EEE1A660C1FF5C0BA = {
			isa = PBXGroup;
			children = (
				E93B1034C04E6CD46D6070F5 /* Karar */,
				9BDC767853E7FBD618833690 /* KararTests */,
				230F9B40849CC8B8A9EEFDF4 /* KararUITests */,
				EDD60477B7949021DD8A4812 /* Products */,
			);
			sourceTree = "<group>";
		};
		EDD60477B7949021DD8A4812 /* Products */ = {
			isa = PBXGroup;
			children = (
				289A18E406E67A7AD9596811 /* Karar.app */,
				20A7766B1C7C227E544A9670 /* KararTests.xctest */,
				AF44669D66A13AFC585D2274 /* KararUITests.xctest */,
			);
			name = Products;
			sourceTree = "<group>";
		};
/* End PBXGroup section */

/* Begin PBXNativeTarget section */
		2A10C7B86D0C136D52F1AA68 /* Karar */ = {
			isa = PBXNativeTarget;
			buildConfigurationList = E21E74FD997C343E9D08CD9F /* Build configuration list for PBXNativeTarget "Karar" */;
			buildPhases = (
				7AFAD6C150620BF64AF59F82 /* Sources */,
				4CDD337C7CC8902042352EBC /* Embed Ollaya */,
				A093F5A966909BFFFC7E6546 /* Resources */,
			);
			buildRules = (
			);
			dependencies = (
			);
			fileSystemSynchronizedGroups = (
				E93B1034C04E6CD46D6070F5 /* Karar */,
			);
			name = Karar;
			packageProductDependencies = (
			);
			productName = Karar;
			productReference = 289A18E406E67A7AD9596811 /* Karar.app */;
			productType = "com.apple.product-type.application";
		};
		3C3F5EFDFB29B156602C292F /* KararUITests */ = {
			isa = PBXNativeTarget;
			buildConfigurationList = 5ADFBC5EF84C52447B180476 /* Build configuration list for PBXNativeTarget "KararUITests" */;
			buildPhases = (
				2C2AA73CC735AC549ABEB2BC /* Sources */,
				961BBE3AB0682D1E7CEDAE6A /* Resources */,
			);
			buildRules = (
			);
			dependencies = (
				DE748BC7ED54094463054159 /* PBXTargetDependency */,
			);
			fileSystemSynchronizedGroups = (
				230F9B40849CC8B8A9EEFDF4 /* KararUITests */,
			);
			name = KararUITests;
			packageProductDependencies = (
			);
			productName = KararUITests;
			productReference = AF44669D66A13AFC585D2274 /* KararUITests.xctest */;
			productType = "com.apple.product-type.bundle.ui-testing";
		};
		94C129C5595443DE57E8F2B9 /* KararTests */ = {
			isa = PBXNativeTarget;
			buildConfigurationList = 730D64FED7604303657B44F1 /* Build configuration list for PBXNativeTarget "KararTests" */;
			buildPhases = (
				058C4FEE02A1D65B1091AA46 /* Sources */,
				71A62B77059F82AB1F33DA8E /* Resources */,
			);
			buildRules = (
			);
			dependencies = (
				ECF0E297DD51891F1558F015 /* PBXTargetDependency */,
			);
			fileSystemSynchronizedGroups = (
				9BDC767853E7FBD618833690 /* KararTests */,
			);
			name = KararTests;
			packageProductDependencies = (
			);
			productName = KararTests;
			productReference = 20A7766B1C7C227E544A9670 /* KararTests.xctest */;
			productType = "com.apple.product-type.bundle.unit-test";
		};
/* End PBXNativeTarget section */

/* Begin PBXProject section */
		EE49207FC83C958A7CF4F70B /* Project object */ = {
			isa = PBXProject;
			attributes = {
				BuildIndependentTargetsInParallel = YES;
				LastUpgradeCheck = 1430;
				TargetAttributes = {
					2A10C7B86D0C136D52F1AA68 = {
						DevelopmentTeam = "";
						ProvisioningStyle = Manual;
					};
					3C3F5EFDFB29B156602C292F = {
						DevelopmentTeam = "";
						ProvisioningStyle = Manual;
						TestTargetID = 2A10C7B86D0C136D52F1AA68;
					};
					94C129C5595443DE57E8F2B9 = {
						DevelopmentTeam = "";
						ProvisioningStyle = Manual;
					};
				};
			};
			buildConfigurationList = 35055F07332CD69CC7ABDB8D /* Build configuration list for PBXProject "Karar" */;
			developmentRegion = en;
			hasScannedForEncodings = 0;
			knownRegions = (
				Base,
				en,
			);
			mainGroup = AF76A09EEE1A660C1FF5C0BA;
			minimizedProjectReferenceProxies = 1;
			preferredProjectObjectVersion = 77;
			productRefGroup = EDD60477B7949021DD8A4812 /* Products */;
			projectDirPath = "";
			projectRoot = "";
			targets = (
				2A10C7B86D0C136D52F1AA68 /* Karar */,
				94C129C5595443DE57E8F2B9 /* KararTests */,
				3C3F5EFDFB29B156602C292F /* KararUITests */,
			);
		};
/* End PBXProject section */

/* Begin PBXResourcesBuildPhase section */
		71A62B77059F82AB1F33DA8E /* Resources */ = {
			isa = PBXResourcesBuildPhase;
			buildActionMask = 2147483647;
			files = (
			);
			runOnlyForDeploymentPostprocessing = 0;
		};
		961BBE3AB0682D1E7CEDAE6A /* Resources */ = {
			isa = PBXResourcesBuildPhase;
			buildActionMask = 2147483647;
			files = (
			);
			runOnlyForDeploymentPostprocessing = 0;
		};
		A093F5A966909BFFFC7E6546 /* Resources */ = {
			isa = PBXResourcesBuildPhase;
			buildActionMask = 2147483647;
			files = (
			);
			runOnlyForDeploymentPostprocessing = 0;
		};
/* End PBXResourcesBuildPhase section */

/* Begin PBXShellScriptBuildPhase section */
		4CDD337C7CC8902042352EBC /* Embed Ollaya */ = {
			isa = PBXShellScriptBuildPhase;
			alwaysOutOfDate = 1;
			buildActionMask = 2147483647;
			files = (
			);
			inputFileListPaths = (
			);
			inputPaths = (
			);
			name = "Embed Ollaya";
			outputFileListPaths = (
			);
			outputPaths = (
			);
			runOnlyForDeploymentPostprocessing = 0;
			shellPath = /bin/sh;
			shellScript = "set -euo pipefail\nsrc=\"$SRCROOT/vendor/ollaya\"\n[ -x \"$src/bin/ollaya\" ] || { echo \"error: run scripts/fetch-ollaya.sh first\"; exit 1; }\ninstall -m 755 \"$src/bin/ollaya\" \"$TARGET_BUILD_DIR/$EXECUTABLE_FOLDER_PATH/ollaya\"\ncodesign --force --sign \"${EXPANDED_CODE_SIGN_IDENTITY:--}\" --options runtime --identifier io.github.omerhakanbilici.karar.ollaya \"$TARGET_BUILD_DIR/$EXECUTABLE_FOLDER_PATH/ollaya\"\nmkdir -p \"$TARGET_BUILD_DIR/$UNLOCALIZED_RESOURCES_FOLDER_PATH/Ollaya\"\ncp \"$src/share/doc/ollaya/\"* \"$TARGET_BUILD_DIR/$UNLOCALIZED_RESOURCES_FOLDER_PATH/Ollaya/\"\ncp \"$src/VERSION\" \"$TARGET_BUILD_DIR/$UNLOCALIZED_RESOURCES_FOLDER_PATH/Ollaya/VERSION\"\ncp \"$SRCROOT/LICENSE\" \"$SRCROOT/NOTICE\" \"$TARGET_BUILD_DIR/$UNLOCALIZED_RESOURCES_FOLDER_PATH/\"\n";
		};
/* End PBXShellScriptBuildPhase section */

/* Begin PBXSourcesBuildPhase section */
		058C4FEE02A1D65B1091AA46 /* Sources */ = {
			isa = PBXSourcesBuildPhase;
			buildActionMask = 2147483647;
			files = (
			);
			runOnlyForDeploymentPostprocessing = 0;
		};
		2C2AA73CC735AC549ABEB2BC /* Sources */ = {
			isa = PBXSourcesBuildPhase;
			buildActionMask = 2147483647;
			files = (
			);
			runOnlyForDeploymentPostprocessing = 0;
		};
		7AFAD6C150620BF64AF59F82 /* Sources */ = {
			isa = PBXSourcesBuildPhase;
			buildActionMask = 2147483647;
			files = (
			);
			runOnlyForDeploymentPostprocessing = 0;
		};
/* End PBXSourcesBuildPhase section */

/* Begin PBXTargetDependency section */
		DE748BC7ED54094463054159 /* PBXTargetDependency */ = {
			isa = PBXTargetDependency;
			target = 2A10C7B86D0C136D52F1AA68 /* Karar */;
			targetProxy = 4E477D82BAD70BF2E11E5B71 /* PBXContainerItemProxy */;
		};
		ECF0E297DD51891F1558F015 /* PBXTargetDependency */ = {
			isa = PBXTargetDependency;
			target = 2A10C7B86D0C136D52F1AA68 /* Karar */;
			targetProxy = B9BD267B0B464244361BD87D /* PBXContainerItemProxy */;
		};
/* End PBXTargetDependency section */

/* Begin XCBuildConfiguration section */
		37F9B67674BBEE851F883873 /* Release */ = {
			isa = XCBuildConfiguration;
			buildSettings = {
				BUNDLE_LOADER = "$(TEST_HOST)";
				CODE_SIGN_ENTITLEMENTS = KararUITests.entitlements;
				COMBINE_HIDPI_IMAGES = YES;
				ENABLE_HARDENED_RUNTIME = NO;
				GENERATE_INFOPLIST_FILE = YES;
				LD_RUNPATH_SEARCH_PATHS = (
					"$(inherited)",
					"@executable_path/Frameworks",
					"@loader_path/Frameworks",
				);
				PRODUCT_BUNDLE_IDENTIFIER = io.github.omerhakanbilici.KararUITests;
				SDKROOT = macosx;
				TEST_TARGET_NAME = Karar;
			};
			name = Release;
		};
		391506ECBF1DAC2889E77717 /* Debug */ = {
			isa = XCBuildConfiguration;
			buildSettings = {
				BUNDLE_LOADER = "$(TEST_HOST)";
				CODE_SIGN_ENTITLEMENTS = KararUITests.entitlements;
				COMBINE_HIDPI_IMAGES = YES;
				ENABLE_HARDENED_RUNTIME = NO;
				GENERATE_INFOPLIST_FILE = YES;
				LD_RUNPATH_SEARCH_PATHS = (
					"$(inherited)",
					"@executable_path/Frameworks",
					"@loader_path/Frameworks",
				);
				PRODUCT_BUNDLE_IDENTIFIER = io.github.omerhakanbilici.KararUITests;
				SDKROOT = macosx;
				TEST_TARGET_NAME = Karar;
			};
			name = Debug;
		};
		A8C535F2C48977F2C0BF88BD /* Release */ = {
			isa = XCBuildConfiguration;
			buildSettings = {
				ASSETCATALOG_COMPILER_APPICON_NAME = AppIcon;
				COMBINE_HIDPI_IMAGES = YES;
				ENABLE_USER_SCRIPT_SANDBOXING = NO;
				GENERATE_INFOPLIST_FILE = YES;
				INFOPLIST_KEY_CFBundleDisplayName = Karar;
				INFOPLIST_KEY_LSApplicationCategoryType = "public.app-category.developer-tools";
				INFOPLIST_KEY_NSHumanReadableCopyright = "Karar is Apache-2.0. Includes Ollaya (Apache-2.0).";
				LD_RUNPATH_SEARCH_PATHS = (
					"$(inherited)",
					"@executable_path/../Frameworks",
				);
				PRODUCT_BUNDLE_IDENTIFIER = io.github.omerhakanbilici.karar;
				SDKROOT = macosx;
			};
			name = Release;
		};
		AEFCC706BDDB59BF0B3918A1 /* Debug */ = {
			isa = XCBuildConfiguration;
			buildSettings = {
				ALWAYS_SEARCH_USER_PATHS = NO;
				ARCHS = arm64;
				CLANG_ANALYZER_NONNULL = YES;
				CLANG_ANALYZER_NUMBER_OBJECT_CONVERSION = YES_AGGRESSIVE;
				CLANG_CXX_LANGUAGE_STANDARD = "gnu++14";
				CLANG_CXX_LIBRARY = "libc++";
				CLANG_ENABLE_MODULES = YES;
				CLANG_ENABLE_OBJC_ARC = YES;
				CLANG_ENABLE_OBJC_WEAK = YES;
				CLANG_WARN_BLOCK_CAPTURE_AUTORELEASING = YES;
				CLANG_WARN_BOOL_CONVERSION = YES;
				CLANG_WARN_COMMA = YES;
				CLANG_WARN_CONSTANT_CONVERSION = YES;
				CLANG_WARN_DEPRECATED_OBJC_IMPLEMENTATIONS = YES;
				CLANG_WARN_DIRECT_OBJC_ISA_USAGE = YES_ERROR;
				CLANG_WARN_DOCUMENTATION_COMMENTS = YES;
				CLANG_WARN_EMPTY_BODY = YES;
				CLANG_WARN_ENUM_CONVERSION = YES;
				CLANG_WARN_INFINITE_RECURSION = YES;
				CLANG_WARN_INT_CONVERSION = YES;
				CLANG_WARN_NON_LITERAL_NULL_CONVERSION = YES;
				CLANG_WARN_OBJC_IMPLICIT_RETAIN_SELF = YES;
				CLANG_WARN_OBJC_LITERAL_CONVERSION = YES;
				CLANG_WARN_OBJC_ROOT_CLASS = YES_ERROR;
				CLANG_WARN_QUOTED_INCLUDE_IN_FRAMEWORK_HEADER = YES;
				CLANG_WARN_RANGE_LOOP_ANALYSIS = YES;
				CLANG_WARN_STRICT_PROTOTYPES = YES;
				CLANG_WARN_SUSPICIOUS_MOVE = YES;
				CLANG_WARN_UNGUARDED_AVAILABILITY = YES_AGGRESSIVE;
				CLANG_WARN_UNREACHABLE_CODE = YES;
				CLANG_WARN__DUPLICATE_METHOD_MATCH = YES;
				CODE_SIGN_IDENTITY = "-";
				CODE_SIGN_STYLE = Manual;
				COPY_PHASE_STRIP = NO;
				CURRENT_PROJECT_VERSION = 3;
				DEBUG_INFORMATION_FORMAT = dwarf;
				DEVELOPMENT_TEAM = "";
				ENABLE_HARDENED_RUNTIME = YES;
				ENABLE_STRICT_OBJC_MSGSEND = YES;
				ENABLE_TESTABILITY = YES;
				GCC_C_LANGUAGE_STANDARD = gnu11;
				GCC_DYNAMIC_NO_PIC = NO;
				GCC_NO_COMMON_BLOCKS = YES;
				GCC_OPTIMIZATION_LEVEL = 0;
				GCC_PREPROCESSOR_DEFINITIONS = (
					"$(inherited)",
					"DEBUG=1",
				);
				GCC_WARN_64_TO_32_BIT_CONVERSION = YES;
				GCC_WARN_ABOUT_RETURN_TYPE = YES_ERROR;
				GCC_WARN_UNDECLARED_SELECTOR = YES;
				GCC_WARN_UNINITIALIZED_AUTOS = YES_AGGRESSIVE;
				GCC_WARN_UNUSED_FUNCTION = YES;
				GCC_WARN_UNUSED_VARIABLE = YES;
				MACOSX_DEPLOYMENT_TARGET = 14.0;
				MARKETING_VERSION = 0.1.2;
				MTL_ENABLE_DEBUG_INFO = INCLUDE_SOURCE;
				MTL_FAST_MATH = YES;
				ONLY_ACTIVE_ARCH = YES;
				PRODUCT_NAME = "$(TARGET_NAME)";
				SDKROOT = macosx;
				SWIFT_ACTIVE_COMPILATION_CONDITIONS = DEBUG;
				SWIFT_OPTIMIZATION_LEVEL = "-Onone";
				SWIFT_VERSION = 6.0;
			};
			name = Debug;
		};
		B7C68214737AEFE9FEAF1361 /* Release */ = {
			isa = XCBuildConfiguration;
			buildSettings = {
				BUNDLE_LOADER = "$(TEST_HOST)";
				COMBINE_HIDPI_IMAGES = YES;
				GENERATE_INFOPLIST_FILE = YES;
				LD_RUNPATH_SEARCH_PATHS = (
					"$(inherited)",
					"@executable_path/../Frameworks",
					"@loader_path/../Frameworks",
				);
				PRODUCT_BUNDLE_IDENTIFIER = io.github.omerhakanbilici.KararTests;
				SDKROOT = macosx;
				TEST_HOST = "$(BUILT_PRODUCTS_DIR)/Karar.app/Contents/MacOS/Karar";
			};
			name = Release;
		};
		BE9FABB7A52E801EBFE161BF /* Debug */ = {
			isa = XCBuildConfiguration;
			buildSettings = {
				ASSETCATALOG_COMPILER_APPICON_NAME = AppIcon;
				COMBINE_HIDPI_IMAGES = YES;
				ENABLE_USER_SCRIPT_SANDBOXING = NO;
				GENERATE_INFOPLIST_FILE = YES;
				INFOPLIST_KEY_CFBundleDisplayName = Karar;
				INFOPLIST_KEY_LSApplicationCategoryType = "public.app-category.developer-tools";
				INFOPLIST_KEY_NSHumanReadableCopyright = "Karar is Apache-2.0. Includes Ollaya (Apache-2.0).";
				LD_RUNPATH_SEARCH_PATHS = (
					"$(inherited)",
					"@executable_path/../Frameworks",
				);
				PRODUCT_BUNDLE_IDENTIFIER = io.github.omerhakanbilici.karar;
				SDKROOT = macosx;
			};
			name = Debug;
		};
		DBBDFFA730E07C4792B2C74E /* Release */ = {
			isa = XCBuildConfiguration;
			buildSettings = {
				ALWAYS_SEARCH_USER_PATHS = NO;
				ARCHS = arm64;
				CLANG_ANALYZER_NONNULL = YES;
				CLANG_ANALYZER_NUMBER_OBJECT_CONVERSION = YES_AGGRESSIVE;
				CLANG_CXX_LANGUAGE_STANDARD = "gnu++14";
				CLANG_CXX_LIBRARY = "libc++";
				CLANG_ENABLE_MODULES = YES;
				CLANG_ENABLE_OBJC_ARC = YES;
				CLANG_ENABLE_OBJC_WEAK = YES;
				CLANG_WARN_BLOCK_CAPTURE_AUTORELEASING = YES;
				CLANG_WARN_BOOL_CONVERSION = YES;
				CLANG_WARN_COMMA = YES;
				CLANG_WARN_CONSTANT_CONVERSION = YES;
				CLANG_WARN_DEPRECATED_OBJC_IMPLEMENTATIONS = YES;
				CLANG_WARN_DIRECT_OBJC_ISA_USAGE = YES_ERROR;
				CLANG_WARN_DOCUMENTATION_COMMENTS = YES;
				CLANG_WARN_EMPTY_BODY = YES;
				CLANG_WARN_ENUM_CONVERSION = YES;
				CLANG_WARN_INFINITE_RECURSION = YES;
				CLANG_WARN_INT_CONVERSION = YES;
				CLANG_WARN_NON_LITERAL_NULL_CONVERSION = YES;
				CLANG_WARN_OBJC_IMPLICIT_RETAIN_SELF = YES;
				CLANG_WARN_OBJC_LITERAL_CONVERSION = YES;
				CLANG_WARN_OBJC_ROOT_CLASS = YES_ERROR;
				CLANG_WARN_QUOTED_INCLUDE_IN_FRAMEWORK_HEADER = YES;
				CLANG_WARN_RANGE_LOOP_ANALYSIS = YES;
				CLANG_WARN_STRICT_PROTOTYPES = YES;
				CLANG_WARN_SUSPICIOUS_MOVE = YES;
				CLANG_WARN_UNGUARDED_AVAILABILITY = YES_AGGRESSIVE;
				CLANG_WARN_UNREACHABLE_CODE = YES;
				CLANG_WARN__DUPLICATE_METHOD_MATCH = YES;
				CODE_SIGN_IDENTITY = "-";
				CODE_SIGN_STYLE = Manual;
				COPY_PHASE_STRIP = NO;
				CURRENT_PROJECT_VERSION = 3;
				DEBUG_INFORMATION_FORMAT = "dwarf-with-dsym";
				DEVELOPMENT_TEAM = "";
				ENABLE_HARDENED_RUNTIME = YES;
				ENABLE_NS_ASSERTIONS = NO;
				ENABLE_STRICT_OBJC_MSGSEND = YES;
				GCC_C_LANGUAGE_STANDARD = gnu11;
				GCC_NO_COMMON_BLOCKS = YES;
				GCC_WARN_64_TO_32_BIT_CONVERSION = YES;
				GCC_WARN_ABOUT_RETURN_TYPE = YES_ERROR;
				GCC_WARN_UNDECLARED_SELECTOR = YES;
				GCC_WARN_UNINITIALIZED_AUTOS = YES_AGGRESSIVE;
				GCC_WARN_UNUSED_FUNCTION = YES;
				GCC_WARN_UNUSED_VARIABLE = YES;
				MACOSX_DEPLOYMENT_TARGET = 14.0;
				MARKETING_VERSION = 0.1.2;
				MTL_ENABLE_DEBUG_INFO = NO;
				MTL_FAST_MATH = YES;
				PRODUCT_NAME = "$(TARGET_NAME)";
				SDKROOT = macosx;
				SWIFT_COMPILATION_MODE = wholemodule;
				SWIFT_OPTIMIZATION_LEVEL = "-O";
				SWIFT_VERSION = 6.0;
			};
			name = Release;
		};
		EE8ED4DB7D454376668F1739 /* Debug */ = {
			isa = XCBuildConfiguration;
			buildSettings = {
				BUNDLE_LOADER = "$(TEST_HOST)";
				COMBINE_HIDPI_IMAGES = YES;
				GENERATE_INFOPLIST_FILE = YES;
				LD_RUNPATH_SEARCH_PATHS = (
					"$(inherited)",
					"@executable_path/../Frameworks",
					"@loader_path/../Frameworks",
				);
				PRODUCT_BUNDLE_IDENTIFIER = io.github.omerhakanbilici.KararTests;
				SDKROOT = macosx;
				TEST_HOST = "$(BUILT_PRODUCTS_DIR)/Karar.app/Contents/MacOS/Karar";
			};
			name = Debug;
		};
/* End XCBuildConfiguration section */

/* Begin XCConfigurationList section */
		35055F07332CD69CC7ABDB8D /* Build configuration list for PBXProject "Karar" */ = {
			isa = XCConfigurationList;
			buildConfigurations = (
				AEFCC706BDDB59BF0B3918A1 /* Debug */,
				DBBDFFA730E07C4792B2C74E /* Release */,
			);
			defaultConfigurationIsVisible = 0;
			defaultConfigurationName = Debug;
		};
		5ADFBC5EF84C52447B180476 /* Build configuration list for PBXNativeTarget "KararUITests" */ = {
			isa = XCConfigurationList;
			buildConfigurations = (
				391506ECBF1DAC2889E77717 /* Debug */,
				37F9B67674BBEE851F883873 /* Release */,
			);
			defaultConfigurationIsVisible = 0;
			defaultConfigurationName = Debug;
		};
		730D64FED7604303657B44F1 /* Build configuration list for PBXNativeTarget "KararTests" */ = {
			isa = XCConfigurationList;
			buildConfigurations = (
				EE8ED4DB7D454376668F1739 /* Debug */,
				B7C68214737AEFE9FEAF1361 /* Release */,
			);
			defaultConfigurationIsVisible = 0;
			defaultConfigurationName = Debug;
		};
		E21E74FD997C343E9D08CD9F /* Build configuration list for PBXNativeTarget "Karar" */ = {
			isa = XCConfigurationList;
			buildConfigurations = (
				BE9FABB7A52E801EBFE161BF /* Debug */,
				A8C535F2C48977F2C0BF88BD /* Release */,
			);
			defaultConfigurationIsVisible = 0;
			defaultConfigurationName = Debug;
		};
/* End XCConfigurationList section */
	};
	rootObject = EE49207FC83C958A7CF4F70B /* Project object */;
}
